// !$*UTF8*$!
{
	archiveVersion = 1;
	classes = {
	};
	objectVersion = 46;
	objects = {

/* Begin PBXBuildFile section */
		15158FF619057E8B0CE2ABCC /* Pods_simplemathTests.framework in Frameworks */ = {isa = PBXBuildFile; fileRef = F2D4DB41427B26B32762C760 /* Pods_simplemathTests.framework */; };
		36F9DD3D1D526AB800A9B9FA /* AppDelegate.swift in Sources */ = {isa = PBXBuildFile; fileRef = 36F9DD3C1D526AB800A9B9FA /* AppDelegate.swift */; };
		36F9DD3F1D526AB800A9B9FA /* ViewController.swift in Sources */ = {isa = PBXBuildFile; fileRef = 36F9DD3E1D526AB800A9B9FA /* ViewController.swift */; };
		36F9DD421D526AB800A9B9FA /* Main.storyboard in Resources */ = {isa = PBXBuildFile; fileRef = 36F9DD401D526AB800A9B9FA /* Main.storyboard */; };
		36F9DD441D526AB800A9B9FA /* Assets.xcassets in Resources */ = {isa = PBXBuildFile; fileRef = 36F9DD431D526AB800A9B9FA /* Assets.xcassets */; };
		36F9DD471D526AB800A9B9FA /* LaunchScreen.storyboard in Resources */ = {isa = PBXBuildFile; fileRef = 36F9DD451D526AB800A9B9FA /* LaunchScreen.storyboard */; };
		36F9DD521D526AB900A9B9FA /* simplemathTests.swift in Sources */ = {isa = PBXBuildFile; fileRef = 36F9DD511D526AB900A9B9FA /* simplemathTests.swift */; };
		36F9DD5D1D526AB900A9B9FA /* simplemathUITests.swift in Sources */ = {isa = PBXBuildFile; fileRef = 36F9DD5C1D526AB900A9B9FA /* simplemathUITests.swift */; };
		36F9DD6B1D526F2500A9B9FA /* GoogleService-Info.plist in Resources */ = {isa = PBXBuildFile; fileRef = 36F9DD6A1D526F2500A9B9FA /* GoogleService-Info.plist */; };
		5B27641799B7262695745F58 /* Pods_simplemathUITests.framework in Frameworks */ = {isa = PBXBuildFile; fileRef = 9E2E17A95CE4416AFFCB3B01 /* Pods_simplemathUITests.framework */; };
		DD84610200C133511889E962 /* Pods_simplemath.framework in Frameworks */ = {isa = PBXBuildFile; fileRef = 21754539F91A566EB6BC90A6 /* Pods_simplemath.framework */; };
/* End PBXBuildFile section */

/* Begin PBXContainerItemProxy section */
		36F9DD4E1D526AB900A9B9FA /* PBXContainerItemProxy */ = {
			isa = PBXContainerItemProxy;
			containerPortal = 36F9DD311D526AB800A9B9FA /* Project object */;
			proxyType = 1;
			remoteGlobalIDString = 36F9DD381D526AB800A9B9FA;
			remoteInfo = simplemath;
		};
		36F9DD591D526AB900A9B9FA /* PBXContainerItemProxy */ = {
			isa = PBXContainerItemProxy;
			containerPortal = 36F9DD311D526AB800A9B9FA /* Project object */;
			proxyType = 1;
			remoteGlobalIDString = 36F9DD381D526AB800A9B9FA;
			remoteInfo = simplemath;
		};
/* End PBXContainerItemProxy section */

/* Begin PBXFileReference section */
		21754539F91A566EB6BC90A6 /* Pods_simplemath.framework */ = {isa = PBXFileReference; explicitFileType = wrapper.framework; includeInIndex = 0; path = Pods_simplemath.framework; sourceTree = BUILT_PRODUCTS_DIR; };
		277C774FF468EB9CF69D2ABF /* Pods-simplemath.release.xcconfig */ = {isa = PBXFileReference; includeInIndex = 1; lastKnownFileType = text.xcconfig; name = "Pods-simplemath.release.xcconfig"; path = "Pods/Target Support Files/Pods-simplemath/Pods-simplemath.release.xcconfig"; sourceTree = "<group>"; };
		36F9DD391D526AB800A9B9FA /* simplemath.app */ = {isa = PBXFileReference; explicitFileType = wrapper.application; includeInIndex = 0; path = simplemath.app; sourceTree = BUILT_PRODUCTS_DIR; };
		36F9DD3C1D526AB800A9B9FA /* AppDelegate.swift */ = {isa = PBXFileReference; lastKnownFileType = sourcecode.swift; path = AppDelegate.swift; sourceTree = "<group>"; };
		36F9DD3E1D526AB800A9B9FA /* ViewController.swift */ = {isa = PBXFileReference; lastKnownFileType = sourcecode.swift; path = ViewController.swift; sourceTree = "<group>"; };
		36F9DD411D526AB800A9B9FA /* Base */ = {isa = PBXFileReference; lastKnownFileType = file.storyboard; name = Base; path = Base.lproj/Main.storyboard; sourceTree = "<group>"; };
		36F9DD431D526AB800A9B9FA /* Assets.xcassets */ = {isa = PBXFileReference; lastKnownFileType = folder.assetcatalog; path = Assets.xcassets; sourceTree = "<group>"; };
		36F9DD461D526AB800A9B9FA /* Base */ = {isa = PBXFileReference; lastKnownFileType = file.storyboard; name = Base; path = Base.lproj/LaunchScreen.storyboard; sourceTree = "<group>"; };
		36F9DD481D526AB900A9B9FA /* Info.plist */ = {isa = PBXFileReference; lastKnownFileType = text.plist.xml; path = Info.plist; sourceTree = "<group>"; };
		36F9DD4D1D526AB900A9B9FA /* simplemathTests.xctest */ = {isa = PBXFileReference; explicitFileType = wrapper.cfbundle; includeInIndex = 0; path = simplemathTests.xctest; sourceTree = BUILT_PRODUCTS_DIR; };
		36F9DD511D526AB900A9B9FA /* simplemathTests.swift */ = {isa = PBXFileReference; lastKnownFileType = sourcecode.swift; path = simplemathTests.swift; sourceTree = "<group>"; };
		36F9DD531D526AB900A9B9FA /* Info.plist */ = {isa = PBXFileReference; lastKnownFileType = text.plist.xml; path = Info.plist; sourceTree = "<group>"; };
		36F9DD581D526AB900A9B9FA /* simplemathUITests.xctest */ = {isa = PBXFileReference; explicitFileType = wrapper.cfbundle; includeInIndex = 0; path = simplemathUITests.xctest; sourceTree = BUILT_PRODUCTS_DIR; };
		36F9DD5C1D526AB900A9B9FA /* simplemathUITests.swift */ = {isa = PBXFileReference; lastKnownFileType = sourcecode.swift; path = simplemathUITests.swift; sourceTree = "<group>"; };
		36F9DD5E1D526AB900A9B9FA /* Info.plist */ = {isa = PBXFileReference; lastKnownFileType = text.plist.xml; path = Info.plist; sourceTree = "<group>"; };
		36F9DD6A1D526F2500A9B9FA /* GoogleService-Info.plist */ = {isa = PBXFileReference; fileEncoding = 4; lastKnownFileType = text.plist.xml; path = "GoogleService-Info.plist"; sourceTree = "<group>"; };
		4BE98FF512A30BFB350831EB /* Pods-simplemathUITests.debug.xcconfig */ = {isa = PBXFileReference; includeInIndex = 1; lastKnownFileType = text.xcconfig; name = "Pods-simplemathUITests.debug.xcconfig"; path = "Pods/Target Support Files/Pods-simplemathUITests/Pods-simplemathUITests.debug.xcconfig"; sourceTree = "<group>"; };
		4BEA6C1562995389FCDD348F /* Pods-simplemathTests.debug.xcconfig */ = {isa = PBXFileReference; includeInIndex = 1; lastKnownFileType = text.xcconfig; name = "Pods-simplemathTests.debug.xcconfig"; path = "Pods/Target Support Files/Pods-simplemathTests/Pods-simplemathTests.debug.xcconfig"; sourceTree = "<group>"; };
		51992EB408D93DBD58B9AC4D /* Pods-simplemath.debug.xcconfig */ = {isa = PBXFileReference; includeInIndex = 1; lastKnownFileType = text.xcconfig; name = "Pods-simplemath.debug.xcconfig"; path = "Pods/Target Support Files/Pods-simplemath/Pods-simplemath.debug.xcconfig"; sourceTree = "<group>"; };
		84CA1416C04135DFC78A7B90 /* Pods-simplemathUITests.release.xcconfig */ = {isa = PBXFileReference; includeInIndex = 1; lastKnownFileType = text.xcconfig; name = "Pods-simplemathUITests.release.xcconfig"; path = "Pods/Target Support Files/Pods-simplemathUITests/Pods-simplemathUITests.release.xcconfig"; sourceTree = "<group>"; };
		9E2E17A95CE4416AFFCB3B01 /* Pods_simplemathUITests.framework */ = {isa = PBXFileReference; explicitFileType = wrapper.framework; includeInIndex = 0; path = Pods_simplemathUITests.framework; sourceTree = BUILT_PRODUCTS_DIR; };
		A97BDFF53F83AF38031C6149 /* Pods-simplemathTests.release.xcconfig */ = {isa = PBXFileReference; includeInIndex = 1; lastKnownFileType = text.xcconfig; name = "Pods-simplemathTests.release.xcconfig"; path = "Pods/Target Support Files/Pods-simplemathTests/Pods-simplemathTests.release.xcconfig"; sourceTree = "<group>"; };
		F2D4DB41427B26B32762C760 /* Pods_simplemathTests.framework */ = {isa = PBXFileReference; explicitFileType = wrapper.framework; includeInIndex = 0; path = Pods_simplemathTests.framework; sourceTree = BUILT_PRODUCTS_DIR; };
/* End PBXFileReference section */

/* Begin PBXFrameworksBuildPhase section */
		36F9DD361D526AB800A9B9FA /* Frameworks */ = {
			isa = PBXFrameworksBuildPhase;
			buildActionMask = 2147483647;
			files = (
				DD84610200C133511889E962 /* Pods_simplemath.framework in Frameworks */,
			);
			runOnlyForDeploymentPostprocessing = 0;
		};
		36F9DD4A1D526AB900A9B9FA /* Frameworks */ = {
			isa = PBXFrameworksBuildPhase;
			buildActionMask = 2147483647;
			files = (
				15158FF619057E8B0CE2ABCC /* Pods_simplemathTests.framework in Frameworks */,
			);
			runOnlyForDeploymentPostprocessing = 0;
		};
		36F9DD551D526AB900A9B9FA /* Frameworks */ = {
			isa = PBXFrameworksBuildPhase;
			buildActionMask = 2147483647;
			files = (
				5B27641799B7262695745F58 /* Pods_simplemathUITests.framework in Frameworks */,
			);
			runOnlyForDeploymentPostprocessing = 0;
		};
/* End PBXFrameworksBuildPhase section */

/* Begin PBXGroup section */
		36F9DD301D526AB800A9B9FA = {
			isa = PBXGroup;
			children = (
				36F9DD3B1D526AB800A9B9FA /* simplemath */,
				36F9DD501D526AB900A9B9FA /* simplemathTests */,
				36F9DD5B1D526AB900A9B9FA /* simplemathUITests */,
				36F9DD3A1D526AB800A9B9FA /* Products */,
				65A6C3D22259A0F8E83DCA56 /* Pods */,
				43EF0CAB6D69261640A1CB08 /* Frameworks */,
			);
			sourceTree = "<group>";
		};
		36F9DD3A1D526AB800A9B9FA /* Products */ = {
			isa = PBXGroup;
			children = (
				36F9DD391D526AB800A9B9FA /* simplemath.app */,
				36F9DD4D1D526AB900A9B9FA /* simplemathTests.xctest */,
				36F9DD581D526AB900A9B9FA /* simplemathUITests.xctest */,
			);
			name = Products;
			sourceTree = "<group>";
		};
		36F9DD3B1D526AB800A9B9FA /* simplemath */ = {
			isa = PBXGroup;
			children = (
				36F9DD3C1D526AB800A9B9FA /* AppDelegate.swift */,
				36F9DD3E1D526AB800A9B9FA /* ViewController.swift */,
				36F9DD401D526AB800A9B9FA /* Main.storyboard */,
				36F9DD431D526AB800A9B9FA /* Assets.xcassets */,
				36F9DD451D526AB800A9B9FA /* LaunchScreen.storyboard */,
				36F9DD481D526AB900A9B9FA /* Info.plist */,
				36F9DD6A1D526F2500A9B9FA /* GoogleService-Info.plist */,
			);
			path = simplemath;
			sourceTree = "<group>";
		};
		36F9DD501D526AB900A9B9FA /* simplemathTests */ = {
			isa = PBXGroup;
			children = (
				36F9DD511D526AB900A9B9FA /* simplemathTests.swift */,
				36F9DD531D526AB900A9B9FA /* Info.plist */,
			);
			path = simplemathTests;
			sourceTree = "<group>";
		};
		36F9DD5B1D526AB900A9B9FA /* simplemathUITests */ = {
			isa = PBXGroup;
			children = (
				36F9DD5C1D526AB900A9B9FA /* simplemathUITests.swift */,
				36F9DD5E1D526AB900A9B9FA /* Info.plist */,
			);
			path = simplemathUITests;
			sourceTree = "<group>";
		};
		43EF0CAB6D69261640A1CB08 /* Frameworks */ = {
			isa = PBXGroup;
			children = (
				21754539F91A566EB6BC90A6 /* Pods_simplemath.framework */,
				F2D4DB41427B26B32762C760 /* Pods_simplemathTests.framework */,
				9E2E17A95CE4416AFFCB3B01 /* Pods_simplemathUITests.framework */,
			);
			name = Frameworks;
			sourceTree = "<group>";
		};
		65A6C3D22259A0F8E83DCA56 /* Pods */ = {
			isa = PBXGroup;
			children = (
				51992EB408D93DBD58B9AC4D /* Pods-simplemath.debug.xcconfig */,
				277C774FF468EB9CF69D2ABF /* Pods-simplemath.release.xcconfig */,
				4BEA6C1562995389FCDD348F /* Pods-simplemathTests.debug.xcconfig */,
				A97BDFF53F83AF38031C6149 /* Pods-simplemathTests.release.xcconfig */,
				4BE98FF512A30BFB350831EB /* Pods-simplemathUITests.debug.xcconfig */,
				84CA1416C04135DFC78A7B90 /* Pods-simplemathUITests.release.xcconfig */,
			);
			name = Pods;
			sourceTree = "<group>";
		};
/* End PBXGroup section */

/* Begin PBXNativeTarget section */
		36F9DD381D526AB800A9B9FA /* simplemath */ = {
			isa = PBXNativeTarget;
			buildConfigurationList = 36F9DD611D526AB900A9B9FA /* Build configuration list for PBXNativeTarget "simplemath" */;
			buildPhases = (
				A9BF12213276A67454996153 /* [CP] Check Pods Manifest.lock */,
				36F9DD351D526AB800A9B9FA /* Sources */,
				36F9DD361D526AB800A9B9FA /* Frameworks */,
				36F9DD371D526AB800A9B9FA /* Resources */,
				905DF23648AFFB1C7A3068D0 /* [CP] Embed Pods Frameworks */,
				C265784814ED693C895F7E87 /* [CP] Copy Pods Resources */,
			);
			buildRules = (
			);
			dependencies = (
			);
			name = simplemath;
			productName = simplemath;
			productReference = 36F9DD391D526AB800A9B9FA /* simplemath.app */;
			productType = "com.apple.product-type.application";
		};
		36F9DD4C1D526AB900A9B9FA /* simplemathTests */ = {
			isa = PBXNativeTarget;
			buildConfigurationList = 36F9DD641D526AB900A9B9FA /* Build configuration list for PBXNativeTarget "simplemathTests" */;
			buildPhases = (
				F9604259E8DECFB77DDF28F2 /* [CP] Check Pods Manifest.lock */,
				36F9DD491D526AB900A9B9FA /* Sources */,
				36F9DD4A1D526AB900A9B9FA /* Frameworks */,
				36F9DD4B1D526AB900A9B9FA /* Resources */,
				0E858550D0AAD5A31CCE549A /* [CP] Embed Pods Frameworks */,
				031FE414125276468F750C06 /* [CP] Copy Pods Resources */,
			);
			buildRules = (
			);
			dependencies = (
				36F9DD4F1D526AB900A9B9FA /* PBXTargetDependency */,
			);
			name = simplemathTests;
			productName = simplemathTests;
			productReference = 36F9DD4D1D526AB900A9B9FA /* simplemathTests.xctest */;
			productType = "com.apple.product-type.bundle.unit-test";
		};
		36F9DD571D526AB900A9B9FA /* simplemathUITests */ = {
			isa = PBXNativeTarget;
			buildConfigurationList = 36F9DD671D526AB900A9B9FA /* Build configuration list for PBXNativeTarget "simplemathUITests" */;
			buildPhases = (
				48D1BBCD21AEE96FDABE7275 /* [CP] Check Pods Manifest.lock */,
				36F9DD541D526AB900A9B9FA /* Sources */,
				36F9DD551D526AB900A9B9FA /* Frameworks */,
				36F9DD561D526AB900A9B9FA /* Resources */,
				FA554F553D5C2C81C4B76114 /* [CP] Embed Pods Frameworks */,
				25B11E9F6A7BE8AEF24C3E5D /* [CP] Copy Pods Resources */,
			);
			buildRules = (
			);
			dependencies = (
				36F9DD5A1D526AB900A9B9FA /* PBXTargetDependency */,
			);
			name = simplemathUITests;
			productName = simplemathUITests;
			productReference = 36F9DD581D526AB900A9B9FA /* simplemathUITests.xctest */;
			productType = "com.apple.product-type.bundle.ui-testing";
		};
/* End PBXNativeTarget section */

/* Begin PBXProject section */
		36F9DD311D526AB800A9B9FA /* Project object */ = {
			isa = PBXProject;
			attributes = {
				LastSwiftUpdateCheck = 0730;
				LastUpgradeCheck = 0730;
				ORGANIZATIONNAME = creativelogics;
				TargetAttributes = {
					36F9DD381D526AB800A9B9FA = {
						CreatedOnToolsVersion = 7.3;
					};
					36F9DD4C1D526AB900A9B9FA = {
						CreatedOnToolsVersion = 7.3;
						TestTargetID = 36F9DD381D526AB800A9B9FA;
					};
					36F9DD571D526AB900A9B9FA = {
						CreatedOnToolsVersion = 7.3;
						TestTargetID = 36F9DD381D526AB800A9B9FA;
					};
				};
			};
			buildConfigurationList = 36F9DD341D526AB800A9B9FA /* Build configuration list for PBXProject "simplemath" */;
			compatibilityVersion = "Xcode 3.2";
			developmentRegion = English;
			hasScannedForEncodings = 0;
			knownRegions = (
				en,
				Base,
			);
			mainGroup = 36F9DD301D526AB800A9B9FA;
			productRefGroup = 36F9DD3A1D526AB800A9B9FA /* Products */;
			projectDirPath = "";
			projectRoot = "";
			targets = (
				36F9DD381D526AB800A9B9FA /* simplemath */,
				36F9DD4C1D526AB900A9B9FA /* simplemathTests */,
				36F9DD571D526AB900A9B9FA /* simplemathUITests */,
			);
		};
/* End PBXProject section */

/* Begin PBXResourcesBuildPhase section */
		36F9DD371D526AB800A9B9FA /* Resources */ = {
			isa = PBXResourcesBuildPhase;
			buildActionMask = 2147483647;
			files = (
				36F9DD471D526AB800A9B9FA /* LaunchScreen.storyboard in Resources */,
				36F9DD441D526AB800A9B9FA /* Assets.xcassets in Resources */,
				36F9DD6B1D526F2500A9B9FA /* GoogleService-Info.plist in Resources */,
				36F9DD421D526AB800A9B9FA /* Main.storyboard in Resources */,
			);
			runOnlyForDeploymentPostprocessing = 0;
		};
		36F9DD4B1D526AB900A9B9FA /* Resources */ = {
			isa = PBXResourcesBuildPhase;
			buildActionMask = 2147483647;
			files = (
			);
			runOnlyForDeploymentPostprocessing = 0;
		};
		36F9DD561D526AB900A9B9FA /* Resources */ = {
			isa = PBXResourcesBuildPhase;
			buildActionMask = 2147483647;
			files = (
			);
			runOnlyForDeploymentPostprocessing = 0;
		};
/* End PBXResourcesBuildPhase section */

/* Begin PBXShellScriptBuildPhase section */
		031FE414125276468F750C06 /* [CP] Copy Pods Resources */ = {
			isa = PBXShellScriptBuildPhase;
			buildActionMask = 2147483647;
			files = (
			);
			inputPaths = (
			);
			name = "[CP] Copy Pods Resources";
			outputPaths = (
			);
			runOnlyForDeploymentPostprocessing = 0;
			shellPath = /bin/sh;
			shellScript = "\"${SRCROOT}/Pods/Target Support Files/Pods-simplemathTests/Pods-simplemathTests-resources.sh\"\n";
			showEnvVarsInLog = 0;
		};
		0E858550D0AAD5A31CCE549A /* [CP] Embed Pods Frameworks */ = {
			isa = PBXShellScriptBuildPhase;
			buildActionMask = 2147483647;
			files = (
			);
			inputPaths = (
			);
			name = "[CP] Embed Pods Frameworks";
			outputPaths = (
			);
			runOnlyForDeploymentPostprocessing = 0;
			shellPath = /bin/sh;
			shellScript = "\"${SRCROOT}/Pods/Target Support Files/Pods-simplemathTests/Pods-simplemathTests-frameworks.sh\"\n";
			showEnvVarsInLog = 0;
		};
		25B11E9F6A7BE8AEF24C3E5D /* [CP] Copy Pods Resources */ = {
			isa = PBXShellScriptBuildPhase;
			buildActionMask = 2147483647;
			files = (
			);
			inputPaths = (
			);
			name = "[CP] Copy Pods Resources";
			outputPaths = (
			);
			runOnlyForDeploymentPostprocessing = 0;
			shellPath = /bin/sh;
			shellScript = "\"${SRCROOT}/Pods/Target Support Files/Pods-simplemathUITests/Pods-simplemathUITests-resources.sh\"\n";
			showEnvVarsInLog = 0;
		};
		48D1BBCD21AEE96FDABE7275 /* [CP] Check Pods Manifest.lock */ = {
			isa = PBXShellScriptBuildPhase;
			buildActionMask = 2147483647;
			files = (
			);
			inputPaths = (
			);
			name = "[CP] Check Pods Manifest.lock";
			outputPaths = (
			);
			runOnlyForDeploymentPostprocessing = 0;
			shellPath = /bin/sh;
			shellScript = "diff \"${PODS_ROOT}/../Podfile.lock\" \"${PODS_ROOT}/Manifest.lock\" > /dev/null\nif [ $? != 0 ] ; then\n    # print error to STDERR\n    echo \"error: The sandbox is not in sync with the Podfile.lock. Run 'pod install' or update your CocoaPods installation.\" >&2\n    exit 1\nfi\n";
			showEnvVarsInLog = 0;
		};
		905DF23648AFFB1C7A3068D0 /* [CP] Embed Pods Frameworks */ = {
			isa = PBXShellScriptBuildPhase;
			buildActionMask = 2147483647;
			files = (
			);
			inputPaths = (
			);
			name = "[CP] Embed Pods Frameworks";
			outputPaths = (
			);
			runOnlyForDeploymentPostprocessing = 0;
			shellPath = /bin/sh;
			shellScript = "\"${SRCROOT}/Pods/Target Support Files/Pods-simplemath/Pods-simplemath-frameworks.sh\"\n";
			showEnvVarsInLog = 0;
		};
		A9BF12213276A67454996153 /* [CP] Check Pods Manifest.lock */ = {
			isa = PBXShellScriptBuildPhase;
			buildActionMask = 2147483647;
			files = (
			);
			inputPaths = (
			);
			name = "[CP] Check Pods Manifest.lock";
			outputPaths = (
			);
			runOnlyForDeploymentPostprocessing = 0;
			shellPath = /bin/sh;
			shellScript = "diff \"${PODS_ROOT}/../Podfile.lock\" \"${PODS_ROOT}/Manifest.lock\" > /dev/null\nif [ $? != 0 ] ; then\n    # print error to STDERR\n    echo \"error: The sandbox is not in sync with the Podfile.lock. Run 'pod install' or update your CocoaPods installation.\" >&2\n    exit 1\nfi\n";
			showEnvVarsInLog = 0;
		};
		C265784814ED693C895F7E87 /* [CP] Copy Pods Resources */ = {
			isa = PBXShellScriptBuildPhase;
			buildActionMask = 2147483647;
			files = (
			);
			inputPaths = (
			);
			name = "[CP] Copy Pods Resources";
			outputPaths = (
			);
			runOnlyForDeploymentPostprocessing = 0;
			shellPath = /bin/sh;
			shellScript = "\"${SRCROOT}/Pods/Target Support Files/Pods-simplemath/Pods-simplemath-resources.sh\"\n";
			showEnvVarsInLog = 0;
		};
		F9604259E8DECFB77DDF28F2 /* [CP] Check Pods Manifest.lock */ = {
			isa = PBXShellScriptBuildPhase;
			buildActionMask = 2147483647;
			files = (
			);
			inputPaths = (
			);
			name = "[CP] Check Pods Manifest.lock";
			outputPaths = (
			);
			runOnlyForDeploymentPostprocessing = 0;
			shellPath = /bin/sh;
			shellScript = "diff \"${PODS_ROOT}/../Podfile.lock\" \"${PODS_ROOT}/Manifest.lock\" > /dev/null\nif [ $? != 0 ] ; then\n    # print error to STDERR\n    echo \"error: The sandbox is not in sync with the Podfile.lock. Run 'pod install' or update your CocoaPods installation.\" >&2\n    exit 1\nfi\n";
			showEnvVarsInLog = 0;
		};
		FA554F553D5C2C81C4B76114 /* [CP] Embed Pods Frameworks */ = {
			isa = PBXShellScriptBuildPhase;
			buildActionMask = 2147483647;
			files = (
			);
			inputPaths = (
			);
			name = "[CP] Embed Pods Frameworks";
			outputPaths = (
			);
			runOnlyForDeploymentPostprocessing = 0;
			shellPath = /bin/sh;
			shellScript = "\"${SRCROOT}/Pods/Target Support Files/Pods-simplemathUITests/Pods-simplemathUITests-frameworks.sh\"\n";
			showEnvVarsInLog = 0;
		};
/* End PBXShellScriptBuildPhase section */

/* Begin PBXSourcesBuildPhase section */
		36F9DD351D526AB800A9B9FA /* Sources */ = {
			isa = PBXSourcesBuildPhase;
			buildActionMask = 2147483647;
			files = (
				36F9DD3F1D526AB800A9B9FA /* ViewController.swift in Sources */,
				36F9DD3D1D526AB800A9B9FA /* AppDelegate.swift in Sources */,
			);
			runOnlyForDeploymentPostprocessing = 0;
		};
		36F9DD491D526AB900A9B9FA /* Sources */ = {
			isa = PBXSourcesBuildPhase;
			buildActionMask = 2147483647;
			files = (
				36F9DD521D526AB900A9B9FA /* simplemathTests.swift in Sources */,
			);
			runOnlyForDeploymentPostprocessing = 0;
		};
		36F9DD541D526AB900A9B9FA /* Sources */ = {
			isa = PBXSourcesBuildPhase;
			buildActionMask = 2147483647;
			files = (
				36F9DD5D1D526AB900A9B9FA /* simplemathUITests.swift in Sources */,
			);
			runOnlyForDeploymentPostprocessing = 0;
		};
/* End PBXSourcesBuildPhase section */

/* Begin PBXTargetDependency section */
		36F9DD4F1D526AB900A9B9FA /* PBXTargetDependency */ = {
			isa = PBXTargetDependency;
			target = 36F9DD381D526AB800A9B9FA /* simplemath */;
			targetProxy = 36F9DD4E1D526AB900A9B9FA /* PBXContainerItemProxy */;
		};
		36F9DD5A1D526AB900A9B9FA /* PBXTargetDependency */ = {
			isa = PBXTargetDependency;
			target = 36F9DD381D526AB800A9B9FA /* simplemath */;
			targetProxy = 36F9DD591D526AB900A9B9FA /* PBXContainerItemProxy */;
		};
/* End PBXTargetDependency section */

/* Begin PBXVariantGroup section */
		36F9DD401D526AB800A9B9FA /* Main.storyboard */ = {
			isa = PBXVariantGroup;
			children = (
				36F9DD411D526AB800A9B9FA /* Base */,
			);
			name = Main.storyboard;
			sourceTree = "<group>";
		};
		36F9DD451D526AB800A9B9FA /* LaunchScreen.storyboard */ = {
			isa = PBXVariantGroup;
			children = (
				36F9DD461D526AB800A9B9FA /* Base */,
			);
			name = LaunchScreen.storyboard;
			sourceTree = "<group>";
		};
/* End PBXVariantGroup section */

/* Begin XCBuildConfiguration section */
		36F9DD5F1D526AB900A9B9FA /* Debug */ = {
			isa = XCBuildConfiguration;
			buildSettings = {
				ALWAYS_SEARCH_USER_PATHS = NO;
				CLANG_ANALYZER_NONNULL = YES;
				CLANG_CXX_LANGUAGE_STANDARD = "gnu++0x";
				CLANG_CXX_LIBRARY = "libc++";
				CLANG_ENABLE_MODULES = YES;
				CLANG_ENABLE_OBJC_ARC = YES;
				CLANG_WARN_BOOL_CONVERSION = YES;
				CLANG_WARN_CONSTANT_CONVERSION = YES;
				CLANG_WARN_DIRECT_OBJC_ISA_USAGE = YES_ERROR;
				CLANG_WARN_EMPTY_BODY = YES;
				CLANG_WARN_ENUM_CONVERSION = YES;
				CLANG_WARN_INT_CONVERSION = YES;
				CLANG_WARN_OBJC_ROOT_CLASS = YES_ERROR;
				CLANG_WARN_UNREACHABLE_CODE = YES;
				CLANG_WARN__DUPLICATE_METHOD_MATCH = YES;
				"CODE_SIGN_IDENTITY[sdk=iphoneos*]" = "iPhone Developer";
				COPY_PHASE_STRIP = NO;
				DEBUG_INFORMATION_FORMAT = dwarf;
				ENABLE_STRICT_OBJC_MSGSEND = YES;
				ENABLE_TESTABILITY = YES;
				GCC_C_LANGUAGE_STANDARD = gnu99;
				GCC_DYNAMIC_NO_PIC = NO;
				GCC_NO_COMMON_BLOCKS = YES;
				GCC_OPTIMIZATION_LEVEL = 0;
				GCC_PREPROCESSOR_DEFINITIONS = (
					"DEBUG=1",
					"$(inherited)",
				);
				GCC_WARN_64_TO_32_BIT_CONVERSION = YES;
				GCC_WARN_ABOUT_RETURN_TYPE = YES_ERROR;
				GCC_WARN_UNDECLARED_SELECTOR = YES;
				GCC_WARN_UNINITIALIZED_AUTOS = YES_AGGRESSIVE;
				GCC_WARN_UNUSED_FUNCTION = YES;
				GCC_WARN_UNUSED_VARIABLE = YES;
				IPHONEOS_DEPLOYMENT_TARGET = 9.3;
				MTL_ENABLE_DEBUG_INFO = YES;
				ONLY_ACTIVE_ARCH = YES;
				SDKROOT = iphoneos;
				SWIFT_OPTIMIZATION_LEVEL = "-Onone";
			};
			name = Debug;
		};
		36F9DD601D526AB900A9B9FA /* Release */ = {
			isa = XCBuildConfiguration;
			buildSettings = {
				ALWAYS_SEARCH_USER_PATHS = NO;
				CLANG_ANALYZER_NONNULL = YES;
				CLANG_CXX_LANGUAGE_STANDARD = "gnu++0x";
				CLANG_CXX_LIBRARY = "libc++";
				CLANG_ENABLE_MODULES = YES;
				CLANG_ENABLE_OBJC_ARC = YES;
				CLANG_WARN_BOOL_CONVERSION = YES;
				CLANG_WARN_CONSTANT_CONVERSION = YES;
				CLANG_WARN_DIRECT_OBJC_ISA_USAGE = YES_ERROR;
				CLANG_WARN_EMPTY_BODY = YES;
				CLANG_WARN_ENUM_CONVERSION = YES;
				CLANG_WARN_INT_CONVERSION = YES;
				CLANG_WARN_OBJC_ROOT_CLASS = YES_ERROR;
				CLANG_WARN_UNREACHABLE_CODE = YES;
				CLANG_WARN__DUPLICATE_METHOD_MATCH = YES;
				"CODE_SIGN_IDENTITY[sdk=iphoneos*]" = "iPhone Developer";
				COPY_PHASE_STRIP = NO;
				DEBUG_INFORMATION_FORMAT = "dwarf-with-dsym";
				ENABLE_NS_ASSERTIONS = NO;
				ENABLE_STRICT_OBJC_MSGSEND = YES;
				GCC_C_LANGUAGE_STANDARD = gnu99;
				GCC_NO_COMMON_BLOCKS = YES;
				GCC_WARN_64_TO_32_BIT_CONVERSION = YES;
				GCC_WARN_ABOUT_RETURN_TYPE = YES_ERROR;
				GCC_WARN_UNDECLARED_SELECTOR = YES;
				GCC_WARN_UNINITIALIZED_AUTOS = YES_AGGRESSIVE;
				GCC_WARN_UNUSED_FUNCTION = YES;
				GCC_WARN_UNUSED_VARIABLE = YES;
				IPHONEOS_DEPLOYMENT_TARGET = 9.3;
				MTL_ENABLE_DEBUG_INFO = NO;
				SDKROOT = iphoneos;
				VALIDATE_PRODUCT = YES;
			};
			name = Release;
		};
		36F9DD621D526AB900A9B9FA /* Debug */ = {
			isa = XCBuildConfiguration;
			baseConfigurationReference = 51992EB408D93DBD58B9AC4D /* Pods-simplemath.debug.xcconfig */;
			buildSettings = {
				ASSETCATALOG_COMPILER_APPICON_NAME = AppIcon;
				INFOPLIST_FILE = simplemath/Info.plist;
				LD_RUNPATH_SEARCH_PATHS = "$(inherited) @executable_path/Frameworks";
				PRODUCT_BUNDLE_IDENTIFIER = com.creativelogics.simplemath;
				PRODUCT_NAME = "$(TARGET_NAME)";
			};
			name = Debug;
		};
		36F9DD631D526AB900A9B9FA /* Release */ = {
			isa = XCBuildConfiguration;
			baseConfigurationReference = 277C774FF468EB9CF69D2ABF /* Pods-simplemath.release.xcconfig */;
			buildSettings = {
				ASSETCATALOG_COMPILER_APPICON_NAME = AppIcon;
				INFOPLIST_FILE = simplemath/Info.plist;
				LD_RUNPATH_SEARCH_PATHS = "$(inherited) @executable_path/Frameworks";
				PRODUCT_BUNDLE_IDENTIFIER = com.creativelogics.simplemath;
				PRODUCT_NAME = "$(TARGET_NAME)";
			};
			name = Release;
		};
		36F9DD651D526AB900A9B9FA /* Debug */ = {
			isa = XCBuildConfiguration;
			baseConfigurationReference = 4BEA6C1562995389FCDD348F /* Pods-simplemathTests.debug.xcconfig */;
			buildSettings = {
				BUNDLE_LOADER = "$(TEST_HOST)";
				INFOPLIST_FILE = simplemathTests/Info.plist;
				LD_RUNPATH_SEARCH_PATHS = "$(inherited) @executable_path/Frameworks @loader_path/Frameworks";
				PRODUCT_BUNDLE_IDENTIFIER = com.creativelogics.simplemathTests;
				PRODUCT_NAME = "$(TARGET_NAME)";
				TEST_HOST = "$(BUILT_PRODUCTS_DIR)/simplemath.app/simplemath";
			};
			name = Debug;
		};
		36F9DD661D526AB900A9B9FA /* Release */ = {
			isa = XCBuildConfiguration;
			baseConfigurationReference = A97BDFF53F83AF38031C6149 /* Pods-simplemathTests.release.xcconfig */;
			buildSettings = {
				BUNDLE_LOADER = "$(TEST_HOST)";
				INFOPLIST_FILE = simplemathTests/Info.plist;
				LD_RUNPATH_SEARCH_PATHS = "$(inherited) @executable_path/Frameworks @loader_path/Frameworks";
				PRODUCT_BUNDLE_IDENTIFIER = com.creativelogics.simplemathTests;
				PRODUCT_NAME = "$(TARGET_NAME)";
				TEST_HOST = "$(BUILT_PRODUCTS_DIR)/simplemath.app/simplemath";
			};
			name = Release;
		};
		36F9DD681D526AB900A9B9FA /* Debug */ = {
			isa = XCBuildConfiguration;
			baseConfigurationReference = 4BE98FF512A30BFB350831EB /* Pods-simplemathUITests.debug.xcconfig */;
			buildSettings = {
				INFOPLIST_FILE = simplemathUITests/Info.plist;
				LD_RUNPATH_SEARCH_PATHS = "$(inherited) @executable_path/Frameworks @loader_path/Frameworks";
				PRODUCT_BUNDLE_IDENTIFIER = com.creativelogics.simplemathUITests;
				PRODUCT_NAME = "$(TARGET_NAME)";
				TEST_TARGET_NAME = simplemath;
			};
			name = Debug;
		};
		36F9DD691D526AB900A9B9FA /* Release */ = {
			isa = XCBuildConfiguration;
			baseConfigurationReference = 84CA1416C04135DFC78A7B90 /* Pods-simplemathUITests.release.xcconfig */;
			buildSettings = {
				INFOPLIST_FILE = simplemathUITests/Info.plist;
				LD_RUNPATH_SEARCH_PATHS = "$(inherited) @executable_path/Frameworks @loader_path/Frameworks";
				PRODUCT_BUNDLE_IDENTIFIER = com.creativelogics.simplemathUITests;
				PRODUCT_NAME = "$(TARGET_NAME)";
				TEST_TARGET_NAME = simplemath;
			};
			name = Release;
		};
/* End XCBuildConfiguration section */

/* Begin XCConfigurationList section */
		36F9DD341D526AB800A9B9FA /* Build configuration list for PBXProject "simplemath" */ = {
			isa = XCConfigurationList;
			buildConfigurations = (
				36F9DD5F1D526AB900A9B9FA /* Debug */,
				36F9DD601D526AB900A9B9FA /* Release */,
			);
			defaultConfigurationIsVisible = 0;
			defaultConfigurationName = Release;
		};
		36F9DD611D526AB900A9B9FA /* Build configuration list for PBXNativeTarget "simplemath" */ = {
			isa = XCConfigurationList;
			buildConfigurations = (
				36F9DD621D526AB900A9B9FA /* Debug */,
				36F9DD631D526AB900A9B9FA /* Release */,
			);
			defaultConfigurationIsVisible = 0;
			defaultConfigurationName = Release;
		};
		36F9DD641D526AB900A9B9FA /* Build configuration list for PBXNativeTarget "simplemathTests" */ = {
			isa = XCConfigurationList;
			buildConfigurations = (
				36F9DD651D526AB900A9B9FA /* Debug */,
				36F9DD661D526AB900A9B9FA /* Release */,
			);
			defaultConfigurationIsVisible = 0;
			defaultConfigurationName = Release;
		};
		36F9DD671D526AB900A9B9FA /* Build configuration list for PBXNativeTarget "simplemathUITests" */ = {
			isa = XCConfigurationList;
			buildConfigurations = (
				36F9DD681D526AB900A9B9FA /* Debug */,
				36F9DD691D526AB900A9B9FA /* Release */,
			);
			defaultConfigurationIsVisible = 0;
			defaultConfigurationName = Release;
		};
/* End XCConfigurationList section */
	};
	rootObject = 36F9DD311D526AB800A9B9FA /* Project object */;
}
